
Microsoft Visual Studio Solution File, Format Version 12.00
# Visual Studio Version 16
VisualStudioVersion = 16.0.31624.102
MinimumVisualStudioVersion = 10.0.40219.1
Project("{9A19103F-16F7-4668-BE54-9A1E7A4F7556}") = "AutoComplete", "AutoComplete\AutoComplete.csproj", "{221EC489-27F4-4BEE-A79A-8A52933F3FD1}"
EndProject
Project("{9A19103F-16F7-4668-BE54-9A1E7A4F7556}") = "Morphology", "Mophology\Morphology.csproj", "{B1F41480-9242-4A03-8320-82F43D88C888}"
EndProject
Project("{9A19103F-16F7-4668-BE54-9A1E7A4F7556}") = "Microservices", "Microservices\Microservices.csproj", "{23C59C46-D10C-43C6-B802-774D9521E45C}"
EndProject
Global
	GlobalSection(SolutionConfigurationPlatforms) = preSolution
		Debug|Any CPU = Debug|Any CPU
		Release|Any CPU = Release|Any CPU
	EndGlobalSection
	GlobalSection(ProjectConfigurationPlatforms) = postSolution
		{221EC489-27F4-4BEE-A79A-8A52933F3FD1}.Debug|Any CPU.ActiveCfg = Debug|Any CPU
		{221EC489-27F4-4BEE-A79A-8A52933F3FD1}.Debug|Any CPU.Build.0 = Debug|Any CPU
		{221EC489-27F4-4BEE-A79A-8A52933F3FD1}.Release|Any CPU.ActiveCfg = Release|Any CPU
		{221EC489-27F4-4BEE-A79A-8A52933F3FD1}.Release|Any CPU.Build.0 = Release|Any CPU
		{B1F41480-9242-4A03-8320-82F43D88C888}.Debug|Any CPU.ActiveCfg = Debug|Any CPU
		{B1F41480-9242-4A03-8320-82F43D88C888}.Debug|Any CPU.Build.0 = Debug|Any CPU
		{B1F41480-9242-4A03-8320-82F43D88C888}.Release|Any CPU.ActiveCfg = Release|Any CPU
		{B1F41480-9242-4A03-8320-82F43D88C888}.Release|Any CPU.Build.0 = Release|Any CPU
		{23C59C46-D10C-43C6-B802-774D9521E45C}.Debug|Any CPU.ActiveCfg = Debug|Any CPU
		{23C59C46-D10C-43C6-B802-774D9521E45C}.Debug|Any CPU.Build.0 = Debug|Any CPU
		{23C59C46-D10C-43C6-B802-774D9521E45C}.Release|Any CPU.ActiveCfg = Release|Any CPU
		{23C59C46-D10C-43C6-B802-774D9521E45C}.Release|Any CPU.Build.0 = Release|Any CPU
	EndGlobalSection
	GlobalSection(SolutionProperties) = preSolution
		HideSolutionNode = FALSE
	EndGlobalSection
	GlobalSection(ExtensibilityGlobals) = postSolution
		SolutionGuid = {97326439-EDA6-433E-8C82-90498660E213}
	EndGlobalSection
EndGlobal
